// !$*UTF8*$!
{
	archiveVersion = 1;
	classes = {
	};
	objectVersion = 51;
	objects = {

/* Begin PBXBuildFile section */
		C110658724A5B4CE008C5EE1 /* TodayItem.swift in Sources */ = {isa = PBXBuildFile; fileRef = C110658624A5B4CE008C5EE1 /* TodayItem.swift */; };
		C110658924A5B4F9008C5EE1 /* BaseTodayCell.swift in Sources */ = {isa = PBXBuildFile; fileRef = C110658824A5B4F9008C5EE1 /* BaseTodayCell.swift */; };
		C110658B24A5B513008C5EE1 /* TodayMultipleAppCell.swift in Sources */ = {isa = PBXBuildFile; fileRef = C110658A24A5B513008C5EE1 /* TodayMultipleAppCell.swift */; };
		C110658D24A5B52E008C5EE1 /* MultipleAppCell.swift in Sources */ = {isa = PBXBuildFile; fileRef = C110658C24A5B52E008C5EE1 /* MultipleAppCell.swift */; };
		C110658F24A5B558008C5EE1 /* TodayMultipleAppsController.swift in Sources */ = {isa = PBXBuildFile; fileRef = C110658E24A5B558008C5EE1 /* TodayMultipleAppsController.swift */; };
		C1256EA1249230F50005CAEB /* UIView+Layout.swift in Sources */ = {isa = PBXBuildFile; fileRef = C1256EA0249230F50005CAEB /* UIView+Layout.swift */; };
		C1256EA32492396C0005CAEB /* VerticalStackVIew.swift in Sources */ = {isa = PBXBuildFile; fileRef = C1256EA22492396C0005CAEB /* VerticalStackVIew.swift */; };
		C1256EA82493CBCE0005CAEB /* SearchResult.swift in Sources */ = {isa = PBXBuildFile; fileRef = C1256EA72493CBCE0005CAEB /* SearchResult.swift */; };
		C1256EAB2494E1CE0005CAEB /* Service.swift in Sources */ = {isa = PBXBuildFile; fileRef = C1256EAA2494E1CE0005CAEB /* Service.swift */; };
		C1256EB0249640330005CAEB /* AppsPageController.swift in Sources */ = {isa = PBXBuildFile; fileRef = C1256EAF249640330005CAEB /* AppsPageController.swift */; };
		C1256EB2249641920005CAEB /* BaseListController.swift in Sources */ = {isa = PBXBuildFile; fileRef = C1256EB1249641920005CAEB /* BaseListController.swift */; };
		C1256EB62496451A0005CAEB /* AppsGroupCell.swift in Sources */ = {isa = PBXBuildFile; fileRef = C1256EB52496451A0005CAEB /* AppsGroupCell.swift */; };
		C1256EB8249651A00005CAEB /* AppsHorizontalController.swift in Sources */ = {isa = PBXBuildFile; fileRef = C1256EB7249651A00005CAEB /* AppsHorizontalController.swift */; };
		C1256EBA24965D930005CAEB /* AppRowCell.swift in Sources */ = {isa = PBXBuildFile; fileRef = C1256EB924965D930005CAEB /* AppRowCell.swift */; };
		C1256EBC24965FC30005CAEB /* Extensions.swift in Sources */ = {isa = PBXBuildFile; fileRef = C1256EBB24965FC30005CAEB /* Extensions.swift */; };
		C1256EBE249674B90005CAEB /* AppsPageHeader.swift in Sources */ = {isa = PBXBuildFile; fileRef = C1256EBD249674B90005CAEB /* AppsPageHeader.swift */; };
		C1256EC024967A290005CAEB /* AppsHeaderHorizontalController.swift in Sources */ = {isa = PBXBuildFile; fileRef = C1256EBF24967A290005CAEB /* AppsHeaderHorizontalController.swift */; };
		C1256EC224967D350005CAEB /* AppHeaderCell.swift in Sources */ = {isa = PBXBuildFile; fileRef = C1256EC124967D350005CAEB /* AppHeaderCell.swift */; };
		C1256EC4249CACDD0005CAEB /* AppGroup.swift in Sources */ = {isa = PBXBuildFile; fileRef = C1256EC3249CACDD0005CAEB /* AppGroup.swift */; };
		C1256EC6249CD08B0005CAEB /* SocialApp.swift in Sources */ = {isa = PBXBuildFile; fileRef = C1256EC5249CD08B0005CAEB /* SocialApp.swift */; };
		C1256EC8249CE8460005CAEB /* HorizontalSnappingController.swift in Sources */ = {isa = PBXBuildFile; fileRef = C1256EC7249CE8460005CAEB /* HorizontalSnappingController.swift */; };
		C1256ECA249E0D1D0005CAEB /* BetterSappingLayout.swift in Sources */ = {isa = PBXBuildFile; fileRef = C1256EC9249E0D1D0005CAEB /* BetterSappingLayout.swift */; };
		C1256ECD249E1EF50005CAEB /* AppsDetailController.swift in Sources */ = {isa = PBXBuildFile; fileRef = C1256ECC249E1EF50005CAEB /* AppsDetailController.swift */; };
		C1256ED0249E27080005CAEB /* AppDetailCell.swift in Sources */ = {isa = PBXBuildFile; fileRef = C1256ECF249E27080005CAEB /* AppDetailCell.swift */; };
		C1256ED2249E41500005CAEB /* PreviewCell.swift in Sources */ = {isa = PBXBuildFile; fileRef = C1256ED1249E41500005CAEB /* PreviewCell.swift */; };
		C1256ED4249E43090005CAEB /* PreviewScreenshotsController.swift in Sources */ = {isa = PBXBuildFile; fileRef = C1256ED3249E43090005CAEB /* PreviewScreenshotsController.swift */; };
		C1256ED7249F67FA0005CAEB /* ReviewRowCell.swift in Sources */ = {isa = PBXBuildFile; fileRef = C1256ED6249F67FA0005CAEB /* ReviewRowCell.swift */; };
		C1256ED9249F6A8D0005CAEB /* ReviewsController.swift in Sources */ = {isa = PBXBuildFile; fileRef = C1256ED8249F6A8D0005CAEB /* ReviewsController.swift */; };
		C1256EDB249F6D0D0005CAEB /* ReviewCell.swift in Sources */ = {isa = PBXBuildFile; fileRef = C1256EDA249F6D0D0005CAEB /* ReviewCell.swift */; };
		C1256EDE249F79A20005CAEB /* Reviews.swift in Sources */ = {isa = PBXBuildFile; fileRef = C1256EDD249F79A20005CAEB /* Reviews.swift */; };
		C1256EE124A0C6BB0005CAEB /* TodayController.swift in Sources */ = {isa = PBXBuildFile; fileRef = C1256EE024A0C6BA0005CAEB /* TodayController.swift */; };
		C1256EE424A0C7AE0005CAEB /* TodayCell.swift in Sources */ = {isa = PBXBuildFile; fileRef = C1256EE324A0C7AE0005CAEB /* TodayCell.swift */; };
		C1256EE624A0DC5A0005CAEB /* AppFullscreenController.swift in Sources */ = {isa = PBXBuildFile; fileRef = C1256EE524A0DC5A0005CAEB /* AppFullscreenController.swift */; };
		C1256EE824A0DFA70005CAEB /* AppFullscreenDescriptionCell.swift in Sources */ = {isa = PBXBuildFile; fileRef = C1256EE724A0DFA70005CAEB /* AppFullscreenDescriptionCell.swift */; };
		C1256EEA24A23F5C0005CAEB /* AppFullscreenHeaderCell.swift in Sources */ = {isa = PBXBuildFile; fileRef = C1256EE924A23F5C0005CAEB /* AppFullscreenHeaderCell.swift */; };
		C145F5B22491036E00B0D0FA /* AppDelegate.swift in Sources */ = {isa = PBXBuildFile; fileRef = C145F5B12491036E00B0D0FA /* AppDelegate.swift */; };
		C145F5B42491036E00B0D0FA /* SceneDelegate.swift in Sources */ = {isa = PBXBuildFile; fileRef = C145F5B32491036E00B0D0FA /* SceneDelegate.swift */; };
		C145F5B92491036E00B0D0FA /* Main.storyboard in Resources */ = {isa = PBXBuildFile; fileRef = C145F5B72491036E00B0D0FA /* Main.storyboard */; };
		C145F5BB2491036F00B0D0FA /* Assets.xcassets in Resources */ = {isa = PBXBuildFile; fileRef = C145F5BA2491036F00B0D0FA /* Assets.xcassets */; };
		C145F5BE2491036F00B0D0FA /* LaunchScreen.storyboard in Resources */ = {isa = PBXBuildFile; fileRef = C145F5BC2491036F00B0D0FA /* LaunchScreen.storyboard */; };
		C145F5C62491039900B0D0FA /* BaseTabBarController.swift in Sources */ = {isa = PBXBuildFile; fileRef = C145F5C52491039900B0D0FA /* BaseTabBarController.swift */; };
		C1628EDC24912B1100B3AEAB /* AppsSearchController.swift in Sources */ = {isa = PBXBuildFile; fileRef = C1628EDB24912B1100B3AEAB /* AppsSearchController.swift */; };
		C1628EDF24913A9700B3AEAB /* SearchResultCell.swift in Sources */ = {isa = PBXBuildFile; fileRef = C1628EDE24913A9700B3AEAB /* SearchResultCell.swift */; };
		C1D45A28189CAC6AC1594F81 /* Pods_AppStoreJSONApis.framework in Frameworks */ = {isa = PBXBuildFile; fileRef = B0445A5123A87AAE3C28C148 /* Pods_AppStoreJSONApis.framework */; };
/* End PBXBuildFile section */

/* Begin PBXFileReference section */
		337E50A167C279E763EB0E92 /* Pods-AppStoreJSONApis.debug.xcconfig */ = {isa = PBXFileReference; includeInIndex = 1; lastKnownFileType = text.xcconfig; name = "Pods-AppStoreJSONApis.debug.xcconfig"; path = "Target Support Files/Pods-AppStoreJSONApis/Pods-AppStoreJSONApis.debug.xcconfig"; sourceTree = "<group>"; };
		45ADD8E83240C70DC165E73B /* Pods-AppStoreJSONApis.release.xcconfig */ = {isa = PBXFileReference; includeInIndex = 1; lastKnownFileType = text.xcconfig; name = "Pods-AppStoreJSONApis.release.xcconfig"; path = "Target Support Files/Pods-AppStoreJSONApis/Pods-AppStoreJSONApis.release.xcconfig"; sourceTree = "<group>"; };
		B0445A5123A87AAE3C28C148 /* Pods_AppStoreJSONApis.framework */ = {isa = PBXFileReference; explicitFileType = wrapper.framework; includeInIndex = 0; path = Pods_AppStoreJSONApis.framework; sourceTree = BUILT_PRODUCTS_DIR; };
		C110658624A5B4CE008C5EE1 /* TodayItem.swift */ = {isa = PBXFileReference; lastKnownFileType = sourcecode.swift; path = TodayItem.swift; sourceTree = "<group>"; };
		C110658824A5B4F9008C5EE1 /* BaseTodayCell.swift */ = {isa = PBXFileReference; lastKnownFileType = sourcecode.swift; path = BaseTodayCell.swift; sourceTree = "<group>"; };
		C110658A24A5B513008C5EE1 /* TodayMultipleAppCell.swift */ = {isa = PBXFileReference; lastKnownFileType = sourcecode.swift; path = TodayMultipleAppCell.swift; sourceTree = "<group>"; };
		C110658C24A5B52E008C5EE1 /* MultipleAppCell.swift */ = {isa = PBXFileReference; lastKnownFileType = sourcecode.swift; path = MultipleAppCell.swift; sourceTree = "<group>"; };
		C110658E24A5B558008C5EE1 /* TodayMultipleAppsController.swift */ = {isa = PBXFileReference; lastKnownFileType = sourcecode.swift; path = TodayMultipleAppsController.swift; sourceTree = "<group>"; };
		C1256EA0249230F50005CAEB /* UIView+Layout.swift */ = {isa = PBXFileReference; lastKnownFileType = sourcecode.swift; path = "UIView+Layout.swift"; sourceTree = "<group>"; };
		C1256EA22492396C0005CAEB /* VerticalStackVIew.swift */ = {isa = PBXFileReference; lastKnownFileType = sourcecode.swift; path = VerticalStackVIew.swift; sourceTree = "<group>"; };
		C1256EA72493CBCE0005CAEB /* SearchResult.swift */ = {isa = PBXFileReference; lastKnownFileType = sourcecode.swift; path = SearchResult.swift; sourceTree = "<group>"; };
		C1256EAA2494E1CE0005CAEB /* Service.swift */ = {isa = PBXFileReference; lastKnownFileType = sourcecode.swift; path = Service.swift; sourceTree = "<group>"; };
		C1256EAF249640330005CAEB /* AppsPageController.swift */ = {isa = PBXFileReference; lastKnownFileType = sourcecode.swift; path = AppsPageController.swift; sourceTree = "<group>"; };
		C1256EB1249641920005CAEB /* BaseListController.swift */ = {isa = PBXFileReference; lastKnownFileType = sourcecode.swift; path = BaseListController.swift; sourceTree = "<group>"; };
		C1256EB52496451A0005CAEB /* AppsGroupCell.swift */ = {isa = PBXFileReference; lastKnownFileType = sourcecode.swift; path = AppsGroupCell.swift; sourceTree = "<group>"; };
		C1256EB7249651A00005CAEB /* AppsHorizontalController.swift */ = {isa = PBXFileReference; lastKnownFileType = sourcecode.swift; path = AppsHorizontalController.swift; sourceTree = "<group>"; };
		C1256EB924965D930005CAEB /* AppRowCell.swift */ = {isa = PBXFileReference; lastKnownFileType = sourcecode.swift; path = AppRowCell.swift; sourceTree = "<group>"; };
		C1256EBB24965FC30005CAEB /* Extensions.swift */ = {isa = PBXFileReference; lastKnownFileType = sourcecode.swift; path = Extensions.swift; sourceTree = "<group>"; };
		C1256EBD249674B90005CAEB /* AppsPageHeader.swift */ = {isa = PBXFileReference; lastKnownFileType = sourcecode.swift; path = AppsPageHeader.swift; sourceTree = "<group>"; };
		C1256EBF24967A290005CAEB /* AppsHeaderHorizontalController.swift */ = {isa = PBXFileReference; lastKnownFileType = sourcecode.swift; path = AppsHeaderHorizontalController.swift; sourceTree = "<group>"; };
		C1256EC124967D350005CAEB /* AppHeaderCell.swift */ = {isa = PBXFileReference; lastKnownFileType = sourcecode.swift; path = AppHeaderCell.swift; sourceTree = "<group>"; };
		C1256EC3249CACDD0005CAEB /* AppGroup.swift */ = {isa = PBXFileReference; lastKnownFileType = sourcecode.swift; path = AppGroup.swift; sourceTree = "<group>"; };
		C1256EC5249CD08B0005CAEB /* SocialApp.swift */ = {isa = PBXFileReference; lastKnownFileType = sourcecode.swift; path = SocialApp.swift; sourceTree = "<group>"; };
		C1256EC7249CE8460005CAEB /* HorizontalSnappingController.swift */ = {isa = PBXFileReference; lastKnownFileType = sourcecode.swift; path = HorizontalSnappingController.swift; sourceTree = "<group>"; };
		C1256EC9249E0D1D0005CAEB /* BetterSappingLayout.swift */ = {isa = PBXFileReference; lastKnownFileType = sourcecode.swift; path = BetterSappingLayout.swift; sourceTree = "<group>"; };
		C1256ECC249E1EF50005CAEB /* AppsDetailController.swift */ = {isa = PBXFileReference; lastKnownFileType = sourcecode.swift; path = AppsDetailController.swift; sourceTree = "<group>"; };
		C1256ECF249E27080005CAEB /* AppDetailCell.swift */ = {isa = PBXFileReference; lastKnownFileType = sourcecode.swift; path = AppDetailCell.swift; sourceTree = "<group>"; };
		C1256ED1249E41500005CAEB /* PreviewCell.swift */ = {isa = PBXFileReference; lastKnownFileType = sourcecode.swift; path = PreviewCell.swift; sourceTree = "<group>"; };
		C1256ED3249E43090005CAEB /* PreviewScreenshotsController.swift */ = {isa = PBXFileReference; lastKnownFileType = sourcecode.swift; path = PreviewScreenshotsController.swift; sourceTree = "<group>"; };
		C1256ED6249F67FA0005CAEB /* ReviewRowCell.swift */ = {isa = PBXFileReference; lastKnownFileType = sourcecode.swift; path = ReviewRowCell.swift; sourceTree = "<group>"; };
		C1256ED8249F6A8D0005CAEB /* ReviewsController.swift */ = {isa = PBXFileReference; lastKnownFileType = sourcecode.swift; path = ReviewsController.swift; sourceTree = "<group>"; };
		C1256EDA249F6D0D0005CAEB /* ReviewCell.swift */ = {isa = PBXFileReference; lastKnownFileType = sourcecode.swift; path = ReviewCell.swift; sourceTree = "<group>"; };
		C1256EDD249F79A20005CAEB /* Reviews.swift */ = {isa = PBXFileReference; lastKnownFileType = sourcecode.swift; path = Reviews.swift; sourceTree = "<group>"; };
		C1256EE024A0C6BA0005CAEB /* TodayController.swift */ = {isa = PBXFileReference; lastKnownFileType = sourcecode.swift; path = TodayController.swift; sourceTree = "<group>"; };
		C1256EE324A0C7AE0005CAEB /* TodayCell.swift */ = {isa = PBXFileReference; lastKnownFileType = sourcecode.swift; path = TodayCell.swift; sourceTree = "<group>"; };
		C1256EE524A0DC5A0005CAEB /* AppFullscreenController.swift */ = {isa = PBXFileReference; lastKnownFileType = sourcecode.swift; path = AppFullscreenController.swift; sourceTree = "<group>"; };
		C1256EE724A0DFA70005CAEB /* AppFullscreenDescriptionCell.swift */ = {isa = PBXFileReference; lastKnownFileType = sourcecode.swift; path = AppFullscreenDescriptionCell.swift; sourceTree = "<group>"; };
		C1256EE924A23F5C0005CAEB /* AppFullscreenHeaderCell.swift */ = {isa = PBXFileReference; lastKnownFileType = sourcecode.swift; path = AppFullscreenHeaderCell.swift; sourceTree = "<group>"; };
		C145F5AE2491036E00B0D0FA /* AppStoreJSONApis.app */ = {isa = PBXFileReference; explicitFileType = wrapper.application; includeInIndex = 0; path = AppStoreJSONApis.app; sourceTree = BUILT_PRODUCTS_DIR; };
		C145F5B12491036E00B0D0FA /* AppDelegate.swift */ = {isa = PBXFileReference; lastKnownFileType = sourcecode.swift; path = AppDelegate.swift; sourceTree = "<group>"; };
		C145F5B32491036E00B0D0FA /* SceneDelegate.swift */ = {isa = PBXFileReference; lastKnownFileType = sourcecode.swift; path = SceneDelegate.swift; sourceTree = "<group>"; };
		C145F5B82491036E00B0D0FA /* Base */ = {isa = PBXFileReference; lastKnownFileType = file.storyboard; name = Base; path = Base.lproj/Main.storyboard; sourceTree = "<group>"; };
		C145F5BA2491036F00B0D0FA /* Assets.xcassets */ = {isa = PBXFileReference; lastKnownFileType = folder.assetcatalog; path = Assets.xcassets; sourceTree = "<group>"; };
		C145F5BD2491036F00B0D0FA /* Base */ = {isa = PBXFileReference; lastKnownFileType = file.storyboard; name = Base; path = Base.lproj/LaunchScreen.storyboard; sourceTree = "<group>"; };
		C145F5BF2491036F00B0D0FA /* Info.plist */ = {isa = PBXFileReference; lastKnownFileType = text.plist.xml; path = Info.plist; sourceTree = "<group>"; };
		C145F5C52491039900B0D0FA /* BaseTabBarController.swift */ = {isa = PBXFileReference; lastKnownFileType = sourcecode.swift; path = BaseTabBarController.swift; sourceTree = "<group>"; };
		C1628EDB24912B1100B3AEAB /* AppsSearchController.swift */ = {isa = PBXFileReference; lastKnownFileType = sourcecode.swift; path = AppsSearchController.swift; sourceTree = "<group>"; };
		C1628EDE24913A9700B3AEAB /* SearchResultCell.swift */ = {isa = PBXFileReference; lastKnownFileType = sourcecode.swift; path = SearchResultCell.swift; sourceTree = "<group>"; };
/* End PBXFileReference section */

/* Begin PBXFrameworksBuildPhase section */
		C145F5AB2491036E00B0D0FA /* Frameworks */ = {
			isa = PBXFrameworksBuildPhase;
			buildActionMask = 2147483647;
			files = (
				C1D45A28189CAC6AC1594F81 /* Pods_AppStoreJSONApis.framework in Frameworks */,
			);
			runOnlyForDeploymentPostprocessing = 0;
		};
/* End PBXFrameworksBuildPhase section */

/* Begin PBXGroup section */
		04DBD6D51097BF7066DA13B2 /* Pods */ = {
			isa = PBXGroup;
			children = (
				337E50A167C279E763EB0E92 /* Pods-AppStoreJSONApis.debug.xcconfig */,
				45ADD8E83240C70DC165E73B /* Pods-AppStoreJSONApis.release.xcconfig */,
			);
			path = Pods;
			sourceTree = "<group>";
		};
		1BC3B039A48F3501811B04BA /* Frameworks */ = {
			isa = PBXGroup;
			children = (
				B0445A5123A87AAE3C28C148 /* Pods_AppStoreJSONApis.framework */,
			);
			name = Frameworks;
			sourceTree = "<group>";
		};
		C1256E9D249230690005CAEB /* Helpers */ = {
			isa = PBXGroup;
			children = (
				C1256EA0249230F50005CAEB /* UIView+Layout.swift */,
				C1256EA22492396C0005CAEB /* VerticalStackVIew.swift */,
				C1256EBB24965FC30005CAEB /* Extensions.swift */,
				C1256EC9249E0D1D0005CAEB /* BetterSappingLayout.swift */,
			);
			path = Helpers;
			sourceTree = "<group>";
		};
		C1256EA62493CBB70005CAEB /* Model */ = {
			isa = PBXGroup;
			children = (
				C1256EA72493CBCE0005CAEB /* SearchResult.swift */,
				C1256EC3249CACDD0005CAEB /* AppGroup.swift */,
				C1256EC5249CD08B0005CAEB /* SocialApp.swift */,
				C1256EDD249F79A20005CAEB /* Reviews.swift */,
				C110658624A5B4CE008C5EE1 /* TodayItem.swift */,
			);
			path = Model;
			sourceTree = "<group>";
		};
		C1256EA92494E1C00005CAEB /* Service */ = {
			isa = PBXGroup;
			children = (
				C1256EAA2494E1CE0005CAEB /* Service.swift */,
			);
			path = Service;
			sourceTree = "<group>";
		};
		C1256EAE2496401A0005CAEB /* Apps */ = {
			isa = PBXGroup;
			children = (
				C1256ECB249E1EDC0005CAEB /* Details */,
				C1256EAF249640330005CAEB /* AppsPageController.swift */,
				C1256EB7249651A00005CAEB /* AppsHorizontalController.swift */,
				C1256EBF24967A290005CAEB /* AppsHeaderHorizontalController.swift */,
			);
			path = Apps;
			sourceTree = "<group>";
		};
		C1256EB32496428A0005CAEB /* Search */ = {
			isa = PBXGroup;
			children = (
				C1628EDB24912B1100B3AEAB /* AppsSearchController.swift */,
			);
			path = Search;
			sourceTree = "<group>";
		};
		C1256EB4249645070005CAEB /* Apps */ = {
			isa = PBXGroup;
			children = (
				C1256ECE249E26F70005CAEB /* Details */,
				C1256EB52496451A0005CAEB /* AppsGroupCell.swift */,
				C1256EB924965D930005CAEB /* AppRowCell.swift */,
				C1256EBD249674B90005CAEB /* AppsPageHeader.swift */,
				C1256EC124967D350005CAEB /* AppHeaderCell.swift */,
			);
			path = Apps;
			sourceTree = "<group>";
		};
		C1256ECB249E1EDC0005CAEB /* Details */ = {
			isa = PBXGroup;
			children = (
				C1256ECC249E1EF50005CAEB /* AppsDetailController.swift */,
				C1256ED3249E43090005CAEB /* PreviewScreenshotsController.swift */,
				C1256ED8249F6A8D0005CAEB /* ReviewsController.swift */,
			);
			path = Details;
			sourceTree = "<group>";
		};
		C1256ECE249E26F70005CAEB /* Details */ = {
			isa = PBXGroup;
			children = (
				C1256ECF249E27080005CAEB /* AppDetailCell.swift */,
				C1256ED1249E41500005CAEB /* PreviewCell.swift */,
				C1256ED6249F67FA0005CAEB /* ReviewRowCell.swift */,
				C1256EDA249F6D0D0005CAEB /* ReviewCell.swift */,
			);
			path = Details;
			sourceTree = "<group>";
		};
		C1256EDF24A0C6A40005CAEB /* Today */ = {
			isa = PBXGroup;
			children = (
				C1256EE024A0C6BA0005CAEB /* TodayController.swift */,
				C1256EE524A0DC5A0005CAEB /* AppFullscreenController.swift */,
				C110658E24A5B558008C5EE1 /* TodayMultipleAppsController.swift */,
			);
			path = Today;
			sourceTree = "<group>";
		};
		C1256EE224A0C79A0005CAEB /* Today */ = {
			isa = PBXGroup;
			children = (
				C1256EE324A0C7AE0005CAEB /* TodayCell.swift */,
				C1256EE724A0DFA70005CAEB /* AppFullscreenDescriptionCell.swift */,
				C1256EE924A23F5C0005CAEB /* AppFullscreenHeaderCell.swift */,
				C110658824A5B4F9008C5EE1 /* BaseTodayCell.swift */,
				C110658A24A5B513008C5EE1 /* TodayMultipleAppCell.swift */,
				C110658C24A5B52E008C5EE1 /* MultipleAppCell.swift */,
			);
			path = Today;
			sourceTree = "<group>";
		};
		C145F5A52491036E00B0D0FA = {
			isa = PBXGroup;
			children = (
				C145F5B02491036E00B0D0FA /* AppStoreJSONApis */,
				C145F5AF2491036E00B0D0FA /* Products */,
				04DBD6D51097BF7066DA13B2 /* Pods */,
				1BC3B039A48F3501811B04BA /* Frameworks */,
			);
			sourceTree = "<group>";
		};
		C145F5AF2491036E00B0D0FA /* Products */ = {
			isa = PBXGroup;
			children = (
				C145F5AE2491036E00B0D0FA /* AppStoreJSONApis.app */,
			);
			name = Products;
			sourceTree = "<group>";
		};
		C145F5B02491036E00B0D0FA /* AppStoreJSONApis */ = {
			isa = PBXGroup;
			children = (
				C1256EA92494E1C00005CAEB /* Service */,
				C1256EA62493CBB70005CAEB /* Model */,
				C1256E9D249230690005CAEB /* Helpers */,
				C1628EDD24913A5A00B3AEAB /* Views */,
				C1628EDA24912ADE00B3AEAB /* Controller */,
				C145F5B12491036E00B0D0FA /* AppDelegate.swift */,
				C145F5B32491036E00B0D0FA /* SceneDelegate.swift */,
				C145F5B72491036E00B0D0FA /* Main.storyboard */,
				C145F5BA2491036F00B0D0FA /* Assets.xcassets */,
				C145F5BC2491036F00B0D0FA /* LaunchScreen.storyboard */,
				C145F5BF2491036F00B0D0FA /* Info.plist */,
			);
			path = AppStoreJSONApis;
			sourceTree = "<group>";
		};
		C1628EDA24912ADE00B3AEAB /* Controller */ = {
			isa = PBXGroup;
			children = (
				C1256EDF24A0C6A40005CAEB /* Today */,
				C1256EB32496428A0005CAEB /* Search */,
				C1256EAE2496401A0005CAEB /* Apps */,
				C145F5C52491039900B0D0FA /* BaseTabBarController.swift */,
				C1256EB1249641920005CAEB /* BaseListController.swift */,
				C1256EC7249CE8460005CAEB /* HorizontalSnappingController.swift */,
			);
			path = Controller;
			sourceTree = "<group>";
		};
		C1628EDD24913A5A00B3AEAB /* Views */ = {
			isa = PBXGroup;
			children = (
				C1256EE224A0C79A0005CAEB /* Today */,
				C1256EB4249645070005CAEB /* Apps */,
				C1628EDE24913A9700B3AEAB /* SearchResultCell.swift */,
			);
			path = Views;
			sourceTree = "<group>";
		};
/* End PBXGroup section */

/* Begin PBXNativeTarget section */
		C145F5AD2491036E00B0D0FA /* AppStoreJSONApis */ = {
			isa = PBXNativeTarget;
			buildConfigurationList = C145F5C22491036F00B0D0FA /* Build configuration list for PBXNativeTarget "AppStoreJSONApis" */;
			buildPhases = (
				21746309FD631B6D26D3CFDF /* [CP] Check Pods Manifest.lock */,
				C145F5AA2491036E00B0D0FA /* Sources */,
				C145F5AB2491036E00B0D0FA /* Frameworks */,
				C145F5AC2491036E00B0D0FA /* Resources */,
				C3CE59A962500D92A9B57B8D /* [CP] Embed Pods Frameworks */,
			);
			buildRules = (
			);
			dependencies = (
			);
			name = AppStoreJSONApis;
			productName = AppStoreJSONApis;
			productReference = C145F5AE2491036E00B0D0FA /* AppStoreJSONApis.app */;
			productType = "com.apple.product-type.application";
		};
/* End PBXNativeTarget section */

/* Begin PBXProject section */
		C145F5A62491036E00B0D0FA /* Project object */ = {
			isa = PBXProject;
			attributes = {
				LastSwiftUpdateCheck = 1150;
				LastUpgradeCheck = 1150;
				ORGANIZATIONNAME = "Vasiliy Matveev";
				TargetAttributes = {
					C145F5AD2491036E00B0D0FA = {
						CreatedOnToolsVersion = 11.5;
					};
				};
			};
			buildConfigurationList = C145F5A92491036E00B0D0FA /* Build configuration list for PBXProject "AppStoreJSONApis" */;
			compatibilityVersion = "Xcode 9.3";
			developmentRegion = en;
			hasScannedForEncodings = 0;
			knownRegions = (
				en,
				Base,
			);
			mainGroup = C145F5A52491036E00B0D0FA;
			productRefGroup = C145F5AF2491036E00B0D0FA /* Products */;
			projectDirPath = "";
			projectRoot = "";
			targets = (
				C145F5AD2491036E00B0D0FA /* AppStoreJSONApis */,
			);
		};
/* End PBXProject section */

/* Begin PBXResourcesBuildPhase section */
		C145F5AC2491036E00B0D0FA /* Resources */ = {
			isa = PBXResourcesBuildPhase;
			buildActionMask = 2147483647;
			files = (
				C145F5BE2491036F00B0D0FA /* LaunchScreen.storyboard in Resources */,
				C145F5BB2491036F00B0D0FA /* Assets.xcassets in Resources */,
				C145F5B92491036E00B0D0FA /* Main.storyboard in Resources */,
			);
			runOnlyForDeploymentPostprocessing = 0;
		};
/* End PBXResourcesBuildPhase section */

/* Begin PBXShellScriptBuildPhase section */
		21746309FD631B6D26D3CFDF /* [CP] Check Pods Manifest.lock */ = {
			isa = PBXShellScriptBuildPhase;
			buildActionMask = 2147483647;
			files = (
			);
			inputFileListPaths = (
			);
			inputPaths = (
				"${PODS_PODFILE_DIR_PATH}/Podfile.lock",
				"${PODS_ROOT}/Manifest.lock",
			);
			name = "[CP] Check Pods Manifest.lock";
			outputFileListPaths = (
			);
			outputPaths = (
				"$(DERIVED_FILE_DIR)/Pods-AppStoreJSONApis-checkManifestLockResult.txt",
			);
			runOnlyForDeploymentPostprocessing = 0;
			shellPath = /bin/sh;
			shellScript = "diff \"${PODS_PODFILE_DIR_PATH}/Podfile.lock\" \"${PODS_ROOT}/Manifest.lock\" > /dev/null\nif [ $? != 0 ] ; then\n    # print error to STDERR\n    echo \"error: The sandbox is not in sync with the Podfile.lock. Run 'pod install' or update your CocoaPods installation.\" >&2\n    exit 1\nfi\n# This output is used by Xcode 'outputs' to avoid re-running this script phase.\necho \"SUCCESS\" > \"${SCRIPT_OUTPUT_FILE_0}\"\n";
			showEnvVarsInLog = 0;
		};
		C3CE59A962500D92A9B57B8D /* [CP] Embed Pods Frameworks */ = {
			isa = PBXShellScriptBuildPhase;
			buildActionMask = 2147483647;
			files = (
			);
			inputFileListPaths = (
				"${PODS_ROOT}/Target Support Files/Pods-AppStoreJSONApis/Pods-AppStoreJSONApis-frameworks-${CONFIGURATION}-input-files.xcfilelist",
			);
			name = "[CP] Embed Pods Frameworks";
			outputFileListPaths = (
				"${PODS_ROOT}/Target Support Files/Pods-AppStoreJSONApis/Pods-AppStoreJSONApis-frameworks-${CONFIGURATION}-output-files.xcfilelist",
			);
			runOnlyForDeploymentPostprocessing = 0;
			shellPath = /bin/sh;
			shellScript = "\"${PODS_ROOT}/Target Support Files/Pods-AppStoreJSONApis/Pods-AppStoreJSONApis-frameworks.sh\"\n";
			showEnvVarsInLog = 0;
		};
/* End PBXShellScriptBuildPhase section */

/* Begin PBXSourcesBuildPhase section */
		C145F5AA2491036E00B0D0FA /* Sources */ = {
			isa = PBXSourcesBuildPhase;
			buildActionMask = 2147483647;
			files = (
				C1256EC224967D350005CAEB /* AppHeaderCell.swift in Sources */,
				C145F5C62491039900B0D0FA /* BaseTabBarController.swift in Sources */,
				C1256EC6249CD08B0005CAEB /* SocialApp.swift in Sources */,
				C1256EDB249F6D0D0005CAEB /* ReviewCell.swift in Sources */,
				C1256EE624A0DC5A0005CAEB /* AppFullscreenController.swift in Sources */,
				C1256EE824A0DFA70005CAEB /* AppFullscreenDescriptionCell.swift in Sources */,
				C145F5B22491036E00B0D0FA /* AppDelegate.swift in Sources */,
				C1256EC4249CACDD0005CAEB /* AppGroup.swift in Sources */,
				C1256EA82493CBCE0005CAEB /* SearchResult.swift in Sources */,
				C1256EB0249640330005CAEB /* AppsPageController.swift in Sources */,
				C1256ECD249E1EF50005CAEB /* AppsDetailController.swift in Sources */,
				C1256EA32492396C0005CAEB /* VerticalStackVIew.swift in Sources */,
				C1256ED7249F67FA0005CAEB /* ReviewRowCell.swift in Sources */,
				C110658D24A5B52E008C5EE1 /* MultipleAppCell.swift in Sources */,
				C1256EE424A0C7AE0005CAEB /* TodayCell.swift in Sources */,
				C1256EB2249641920005CAEB /* BaseListController.swift in Sources */,
				C1256ED0249E27080005CAEB /* AppDetailCell.swift in Sources */,
				C1256EBA24965D930005CAEB /* AppRowCell.swift in Sources */,
				C1256ED4249E43090005CAEB /* PreviewScreenshotsController.swift in Sources */,
				C110658F24A5B558008C5EE1 /* TodayMultipleAppsController.swift in Sources */,
				C1256ECA249E0D1D0005CAEB /* BetterSappingLayout.swift in Sources */,
				C1256EA1249230F50005CAEB /* UIView+Layout.swift in Sources */,
				C1256EB62496451A0005CAEB /* AppsGroupCell.swift in Sources */,
				C1256EBE249674B90005CAEB /* AppsPageHeader.swift in Sources */,
				C1256ED2249E41500005CAEB /* PreviewCell.swift in Sources */,
				C110658724A5B4CE008C5EE1 /* TodayItem.swift in Sources */,
				C110658924A5B4F9008C5EE1 /* BaseTodayCell.swift in Sources */,
				C1256ED9249F6A8D0005CAEB /* ReviewsController.swift in Sources */,
				C1256EDE249F79A20005CAEB /* Reviews.swift in Sources */,
				C1256EE124A0C6BB0005CAEB /* TodayController.swift in Sources */,
				C1256EAB2494E1CE0005CAEB /* Service.swift in Sources */,
				C1256EBC24965FC30005CAEB /* Extensions.swift in Sources */,
				C1628EDC24912B1100B3AEAB /* AppsSearchController.swift in Sources */,
				C1628EDF24913A9700B3AEAB /* SearchResultCell.swift in Sources */,
				C1256EEA24A23F5C0005CAEB /* AppFullscreenHeaderCell.swift in Sources */,
				C1256EC8249CE8460005CAEB /* HorizontalSnappingController.swift in Sources */,
				C110658B24A5B513008C5EE1 /* TodayMultipleAppCell.swift in Sources */,
				C1256EB8249651A00005CAEB /* AppsHorizontalController.swift in Sources */,
				C145F5B42491036E00B0D0FA /* SceneDelegate.swift in Sources */,
				C1256EC024967A290005CAEB /* AppsHeaderHorizontalController.swift in Sources */,
			);
			runOnlyForDeploymentPostprocessing = 0;
		};
/* End PBXSourcesBuildPhase section */

/* Begin PBXVariantGroup section */
		C145F5B72491036E00B0D0FA /* Main.storyboard */ = {
			isa = PBXVariantGroup;
			children = (
				C145F5B82491036E00B0D0FA /* Base */,
			);
			name = Main.storyboard;
			sourceTree = "<group>";
		};
		C145F5BC2491036F00B0D0FA /* LaunchScreen.storyboard */ = {
			isa = PBXVariantGroup;
			children = (
				C145F5BD2491036F00B0D0FA /* Base */,
			);
			name = LaunchScreen.storyboard;
			sourceTree = "<group>";
		};
/* End PBXVariantGroup section */

/* Begin XCBuildConfiguration section */
		C145F5C02491036F00B0D0FA /* Debug */ = {
			isa = XCBuildConfiguration;
			buildSettings = {
				ALWAYS_SEARCH_USER_PATHS = NO;
				CLANG_ANALYZER_NONNULL = YES;
				CLANG_ANALYZER_NUMBER_OBJECT_CONVERSION = YES_AGGRESSIVE;
				CLANG_CXX_LANGUAGE_STANDARD = "gnu++14";
				CLANG_CXX_LIBRARY = "libc++";
				CLANG_ENABLE_MODULES = YES;
				CLANG_ENABLE_OBJC_ARC = YES;
				CLANG_ENABLE_OBJC_WEAK = YES;
				CLANG_WARN_BLOCK_CAPTURE_AUTORELEASING = YES;
				CLANG_WARN_BOOL_CONVERSION = YES;
				CLANG_WARN_COMMA = YES;
				CLANG_WARN_CONSTANT_CONVERSION = YES;
				CLANG_WARN_DEPRECATED_OBJC_IMPLEMENTATIONS = YES;
				CLANG_WARN_DIRECT_OBJC_ISA_USAGE = YES_ERROR;
				CLANG_WARN_DOCUMENTATION_COMMENTS = YES;
				CLANG_WARN_EMPTY_BODY = YES;
				CLANG_WARN_ENUM_CONVERSION = YES;
				CLANG_WARN_INFINITE_RECURSION = YES;
				CLANG_WARN_INT_CONVERSION = YES;
				CLANG_WARN_NON_LITERAL_NULL_CONVERSION = YES;
				CLANG_WARN_OBJC_IMPLICIT_RETAIN_SELF = YES;
				CLANG_WARN_OBJC_LITERAL_CONVERSION = YES;
				CLANG_WARN_OBJC_ROOT_CLASS = YES_ERROR;
				CLANG_WARN_RANGE_LOOP_ANALYSIS = YES;
				CLANG_WARN_STRICT_PROTOTYPES = YES;
				CLANG_WARN_SUSPICIOUS_MOVE = YES;
				CLANG_WARN_UNGUARDED_AVAILABILITY = YES_AGGRESSIVE;
				CLANG_WARN_UNREACHABLE_CODE = YES;
				CLANG_WARN__DUPLICATE_METHOD_MATCH = YES;
				COPY_PHASE_STRIP = NO;
				DEBUG_INFORMATION_FORMAT = dwarf;
				ENABLE_STRICT_OBJC_MSGSEND = YES;
				ENABLE_TESTABILITY = YES;
				GCC_C_LANGUAGE_STANDARD = gnu11;
				GCC_DYNAMIC_NO_PIC = NO;
				GCC_NO_COMMON_BLOCKS = YES;
				GCC_OPTIMIZATION_LEVEL = 0;
				GCC_PREPROCESSOR_DEFINITIONS = (
					"DEBUG=1",
					"$(inherited)",
				);
				GCC_WARN_64_TO_32_BIT_CONVERSION = YES;
				GCC_WARN_ABOUT_RETURN_TYPE = YES_ERROR;
				GCC_WARN_UNDECLARED_SELECTOR = YES;
				GCC_WARN_UNINITIALIZED_AUTOS = YES_AGGRESSIVE;
				GCC_WARN_UNUSED_FUNCTION = YES;
				GCC_WARN_UNUSED_VARIABLE = YES;
				IPHONEOS_DEPLOYMENT_TARGET = 13.5;
				MTL_ENABLE_DEBUG_INFO = INCLUDE_SOURCE;
				MTL_FAST_MATH = YES;
				ONLY_ACTIVE_ARCH = YES;
				SDKROOT = iphoneos;
				SWIFT_ACTIVE_COMPILATION_CONDITIONS = DEBUG;
				SWIFT_OPTIMIZATION_LEVEL = "-Onone";
			};
			name = Debug;
		};
		C145F5C12491036F00B0D0FA /* Release */ = {
			isa = XCBuildConfiguration;
			buildSettings = {
				ALWAYS_SEARCH_USER_PATHS = NO;
				CLANG_ANALYZER_NONNULL = YES;
				CLANG_ANALYZER_NUMBER_OBJECT_CONVERSION = YES_AGGRESSIVE;
				CLANG_CXX_LANGUAGE_STANDARD = "gnu++14";
				CLANG_CXX_LIBRARY = "libc++";
				CLANG_ENABLE_MODULES = YES;
				CLANG_ENABLE_OBJC_ARC = YES;
				CLANG_ENABLE_OBJC_WEAK = YES;
				CLANG_WARN_BLOCK_CAPTURE_AUTORELEASING = YES;
				CLANG_WARN_BOOL_CONVERSION = YES;
				CLANG_WARN_COMMA = YES;
				CLANG_WARN_CONSTANT_CONVERSION = YES;
				CLANG_WARN_DEPRECATED_OBJC_IMPLEMENTATIONS = YES;
				CLANG_WARN_DIRECT_OBJC_ISA_USAGE = YES_ERROR;
				CLANG_WARN_DOCUMENTATION_COMMENTS = YES;
				CLANG_WARN_EMPTY_BODY = YES;
				CLANG_WARN_ENUM_CONVERSION = YES;
				CLANG_WARN_INFINITE_RECURSION = YES;
				CLANG_WARN_INT_CONVERSION = YES;
				CLANG_WARN_NON_LITERAL_NULL_CONVERSION = YES;
				CLANG_WARN_OBJC_IMPLICIT_RETAIN_SELF = YES;
				CLANG_WARN_OBJC_LITERAL_CONVERSION = YES;
				CLANG_WARN_OBJC_ROOT_CLASS = YES_ERROR;
				CLANG_WARN_RANGE_LOOP_ANALYSIS = YES;
				CLANG_WARN_STRICT_PROTOTYPES = YES;
				CLANG_WARN_SUSPICIOUS_MOVE = YES;
				CLANG_WARN_UNGUARDED_AVAILABILITY = YES_AGGRESSIVE;
				CLANG_WARN_UNREACHABLE_CODE = YES;
				CLANG_WARN__DUPLICATE_METHOD_MATCH = YES;
				COPY_PHASE_STRIP = NO;
				DEBUG_INFORMATION_FORMAT = "dwarf-with-dsym";
				ENABLE_NS_ASSERTIONS = NO;
				ENABLE_STRICT_OBJC_MSGSEND = YES;
				GCC_C_LANGUAGE_STANDARD = gnu11;
				GCC_NO_COMMON_BLOCKS = YES;
				GCC_WARN_64_TO_32_BIT_CONVERSION = YES;
				GCC_WARN_ABOUT_RETURN_TYPE = YES_ERROR;
				GCC_WARN_UNDECLARED_SELECTOR = YES;
				GCC_WARN_UNINITIALIZED_AUTOS = YES_AGGRESSIVE;
				GCC_WARN_UNUSED_FUNCTION = YES;
				GCC_WARN_UNUSED_VARIABLE = YES;
				IPHONEOS_DEPLOYMENT_TARGET = 13.5;
				MTL_ENABLE_DEBUG_INFO = NO;
				MTL_FAST_MATH = YES;
				SDKROOT = iphoneos;
				SWIFT_COMPILATION_MODE = wholemodule;
				SWIFT_OPTIMIZATION_LEVEL = "-O";
				VALIDATE_PRODUCT = YES;
			};
			name = Release;
		};
		C145F5C32491036F00B0D0FA /* Debug */ = {
			isa = XCBuildConfiguration;
			baseConfigurationReference = 337E50A167C279E763EB0E92 /* Pods-AppStoreJSONApis.debug.xcconfig */;
			buildSettings = {
				ASSETCATALOG_COMPILER_APPICON_NAME = AppIcon;
				CODE_SIGN_STYLE = Automatic;
				DEVELOPMENT_TEAM = 658L6ZPG56;
				INFOPLIST_FILE = AppStoreJSONApis/Info.plist;
				LD_RUNPATH_SEARCH_PATHS = (
					"$(inherited)",
					"@executable_path/Frameworks",
				);
				PRODUCT_BUNDLE_IDENTIFIER = vasmat.AppStoreJSONApis;
				PRODUCT_NAME = "$(TARGET_NAME)";
				SWIFT_VERSION = 5.0;
				TARGETED_DEVICE_FAMILY = "1,2";
			};
			name = Debug;
		};
		C145F5C42491036F00B0D0FA /* Release */ = {
			isa = XCBuildConfiguration;
			baseConfigurationReference = 45ADD8E83240C70DC165E73B /* Pods-AppStoreJSONApis.release.xcconfig */;
			buildSettings = {
				ASSETCATALOG_COMPILER_APPICON_NAME = AppIcon;
				CODE_SIGN_STYLE = Automatic;
				DEVELOPMENT_TEAM = 658L6ZPG56;
				INFOPLIST_FILE = AppStoreJSONApis/Info.plist;
				LD_RUNPATH_SEARCH_PATHS = (
					"$(inherited)",
					"@executable_path/Frameworks",
				);
				PRODUCT_BUNDLE_IDENTIFIER = vasmat.AppStoreJSONApis;
				PRODUCT_NAME = "$(TARGET_NAME)";
				SWIFT_VERSION = 5.0;
				TARGETED_DEVICE_FAMILY = "1,2";
			};
			name = Release;
		};
/* End XCBuildConfiguration section */

/* Begin XCConfigurationList section */
		C145F5A92491036E00B0D0FA /* Build configuration list for PBXProject "AppStoreJSONApis" */ = {
			isa = XCConfigurationList;
			buildConfigurations = (
				C145F5C02491036F00B0D0FA /* Debug */,
				C145F5C12491036F00B0D0FA /* Release */,
			);
			defaultConfigurationIsVisible = 0;
			defaultConfigurationName = Release;
		};
		C145F5C22491036F00B0D0FA /* Build configuration list for PBXNativeTarget "AppStoreJSONApis" */ = {
			isa = XCConfigurationList;
			buildConfigurations = (
				C145F5C32491036F00B0D0FA /* Debug */,
				C145F5C42491036F00B0D0FA /* Release */,
			);
			defaultConfigurationIsVisible = 0;
			defaultConfigurationName = Release;
		};
/* End XCConfigurationList section */
	};
	rootObject = C145F5A62491036E00B0D0FA /* Project object */;
}
